
Microsoft Visual Studio Solution File, Format Version 11.00
# Visual Studio 2010
Project("{E24C65DC-7377-472B-9ABA-BC803B73C61A}") = "Day3_Assignment1", "F:\Hybrid Workspace\Day3_Assignment1\", "{664572ED-7784-4B80-8278-9D73E9FB427B}"
	ProjectSection(WebsiteProperties) = preProject
		TargetFrameworkMoniker = ".NETFramework,Version%3Dv4.0"
		Debug.AspNetCompiler.VirtualPath = "/Day3_Assignment1"
		Debug.AspNetCompiler.PhysicalPath = "F:\Hybrid Workspace\Day3_Assignment1\"
		Debug.AspNetCompiler.TargetPath = "PrecompiledWeb\Day3_Assignment1\"
		Debug.AspNetCompiler.Updateable = "true"
		Debug.AspNetCompiler.ForceOverwrite = "true"
		Debug.AspNetCompiler.FixedNames = "false"
		Debug.AspNetCompiler.Debug = "True"
		Release.AspNetCompiler.VirtualPath = "/Day3_Assignment1"
		Release.AspNetCompiler.PhysicalPath = "F:\Hybrid Workspace\Day3_Assignment1\"
		Release.AspNetCompiler.TargetPath = "PrecompiledWeb\Day3_Assignment1\"
		Release.AspNetCompiler.Updateable = "true"
		Release.AspNetCompiler.ForceOverwrite = "true"
		Release.AspNetCompiler.FixedNames = "false"
		Release.AspNetCompiler.Debug = "False"
		VWDPort = "14973"
		DefaultWebSiteLanguage = "Visual C#"
	EndProjectSection
EndProject
Global
	GlobalSection(SolutionConfigurationPlatforms) = preSolution
		Debug|Any CPU = Debug|Any CPU
	EndGlobalSection
	GlobalSection(ProjectConfigurationPlatforms) = postSolution
		{664572ED-7784-4B80-8278-9D73E9FB427B}.Debug|Any CPU.ActiveCfg = Debug|Any CPU
		{664572ED-7784-4B80-8278-9D73E9FB427B}.Debug|Any CPU.Build.0 = Debug|Any CPU
	EndGlobalSection
	GlobalSection(SolutionProperties) = preSolution
		HideSolutionNode = FALSE
	EndGlobalSection
EndGlobal
